// !$*UTF8*$!
{
	archiveVersion = 1;
	classes = {
	};
	objectVersion = 52;
	objects = {

/* Begin PBXBuildFile section */
		C40AE0BA24535E27008BC71C /* ActivitiesCell.xib in Resources */ = {isa = PBXBuildFile; fileRef = C40AE0B924535E27008BC71C /* ActivitiesCell.xib */; };
		C40AE0BC24535E4B008BC71C /* ActivitiesCell.swift in Sources */ = {isa = PBXBuildFile; fileRef = C40AE0BB24535E4B008BC71C /* ActivitiesCell.swift */; };
		C40AE0BF245363D3008BC71C /* UICollectionView+Dequeue.swift in Sources */ = {isa = PBXBuildFile; fileRef = C40AE0BE245363D3008BC71C /* UICollectionView+Dequeue.swift */; };
		C40AE0C124536409008BC71C /* UICollectionView+Register.swift in Sources */ = {isa = PBXBuildFile; fileRef = C40AE0C024536409008BC71C /* UICollectionView+Register.swift */; };
		C40AE0C424537A2F008BC71C /* ActivitiesCollectionViewDataSource.swift in Sources */ = {isa = PBXBuildFile; fileRef = C40AE0C324537A2F008BC71C /* ActivitiesCollectionViewDataSource.swift */; };
		C40AE0C624537ACE008BC71C /* ActivitiesCollectionViewDelegate.swift in Sources */ = {isa = PBXBuildFile; fileRef = C40AE0C524537ACE008BC71C /* ActivitiesCollectionViewDelegate.swift */; };
		C40AE0C924537E44008BC71C /* ActivitiesViewModel.swift in Sources */ = {isa = PBXBuildFile; fileRef = C40AE0C824537E44008BC71C /* ActivitiesViewModel.swift */; };
		C40AE0CB24537E6E008BC71C /* ActivitiesRowType.swift in Sources */ = {isa = PBXBuildFile; fileRef = C40AE0CA24537E6E008BC71C /* ActivitiesRowType.swift */; };
		C40AE0CD24543A04008BC71C /* UIView+GradientLayer.swift in Sources */ = {isa = PBXBuildFile; fileRef = C40AE0CC24543A04008BC71C /* UIView+GradientLayer.swift */; };
		C4197B7D2450A24E00811F37 /* TabBarCoordinator.swift in Sources */ = {isa = PBXBuildFile; fileRef = C4197B7C2450A24E00811F37 /* TabBarCoordinator.swift */; };
		C4197B802450A28600811F37 /* TabBarController.swift in Sources */ = {isa = PBXBuildFile; fileRef = C4197B7F2450A28600811F37 /* TabBarController.swift */; };
		C4197B832450A2D300811F37 /* MainTabBar.strings in Resources */ = {isa = PBXBuildFile; fileRef = C4197B822450A2D300811F37 /* MainTabBar.strings */; };
		C4197B892450A9EC00811F37 /* ActivitiesViewController.swift in Sources */ = {isa = PBXBuildFile; fileRef = C4197B882450A9EC00811F37 /* ActivitiesViewController.swift */; };
		C4197B8C2450ABA400811F37 /* ActivitiesCoordinator.swift in Sources */ = {isa = PBXBuildFile; fileRef = C4197B8B2450ABA400811F37 /* ActivitiesCoordinator.swift */; };
		C4197B8E2450ABF000811F37 /* ActivitiesModuleFactory.swift in Sources */ = {isa = PBXBuildFile; fileRef = C4197B8D2450ABF000811F37 /* ActivitiesModuleFactory.swift */; };
		C4197B902450AC5700811F37 /* ActivitiesStore.swift in Sources */ = {isa = PBXBuildFile; fileRef = C4197B8F2450AC5700811F37 /* ActivitiesStore.swift */; };
		C4197B922450B16700811F37 /* ActivitiesViewController.xib in Resources */ = {isa = PBXBuildFile; fileRef = C4197B912450B16700811F37 /* ActivitiesViewController.xib */; };
		C4197B942450B1F900811F37 /* Activities.strings in Resources */ = {isa = PBXBuildFile; fileRef = C4197B932450B1EE00811F37 /* Activities.strings */; };
		C4A98279244E00A5005E98BC /* ThirdPartiesSceneDelegateConfigurator.swift in Sources */ = {isa = PBXBuildFile; fileRef = C4A98278244E00A5005E98BC /* ThirdPartiesSceneDelegateConfigurator.swift */; };
		C4A9827B244E017F005E98BC /* NavigationBarSceneDelegateConfigurator.swift in Sources */ = {isa = PBXBuildFile; fileRef = C4A9827A244E017F005E98BC /* NavigationBarSceneDelegateConfigurator.swift */; };
		C4BD0F2A244DEF3D0056E8C1 /* R.generated.swift in Sources */ = {isa = PBXBuildFile; fileRef = C4BD0F29244DEF3D0056E8C1 /* R.generated.swift */; };
		C4BD0F2C244DF0020056E8C1 /* SceneDelegate.swift in Sources */ = {isa = PBXBuildFile; fileRef = C4BD0F2B244DF0020056E8C1 /* SceneDelegate.swift */; };
		C4BD0F33244DF1280056E8C1 /* StartupSceneDelegateConfigurator.swift in Sources */ = {isa = PBXBuildFile; fileRef = C4BD0F32244DF1280056E8C1 /* StartupSceneDelegateConfigurator.swift */; };
		C4D138DD244DF8DC008215C0 /* CompositeSceneDelegateConfigurator.swift in Sources */ = {isa = PBXBuildFile; fileRef = C4D138DC244DF8DC008215C0 /* CompositeSceneDelegateConfigurator.swift */; };
		C4D138DF244DFA2C008215C0 /* SceneDelegateConfiguratorFactory.swift in Sources */ = {isa = PBXBuildFile; fileRef = C4D138DE244DFA2C008215C0 /* SceneDelegateConfiguratorFactory.swift */; };
		C4D64A252455DCFF00100993 /* Models in Frameworks */ = {isa = PBXBuildFile; productRef = C4D64A242455DCFF00100993 /* Models */; };
		C4F818E3244B289200AE73CE /* AppDelegate.swift in Sources */ = {isa = PBXBuildFile; fileRef = C4F818E2244B289200AE73CE /* AppDelegate.swift */; };
		C4F818EC244B289400AE73CE /* Assets.xcassets in Resources */ = {isa = PBXBuildFile; fileRef = C4F818EB244B289400AE73CE /* Assets.xcassets */; };
		C4F818EF244B289400AE73CE /* LaunchScreen.storyboard in Resources */ = {isa = PBXBuildFile; fileRef = C4F818ED244B289400AE73CE /* LaunchScreen.storyboard */; };
		C4F8190C244B72D500AE73CE /* UserDefaultsStorage.swift in Sources */ = {isa = PBXBuildFile; fileRef = C4F8190B244B72D500AE73CE /* UserDefaultsStorage.swift */; };
		C4F8190E244B730200AE73CE /* Language.swift in Sources */ = {isa = PBXBuildFile; fileRef = C4F8190D244B730200AE73CE /* Language.swift */; };
		C4F81912244B75DE00AE73CE /* Device+Constants.swift in Sources */ = {isa = PBXBuildFile; fileRef = C4F81911244B75DE00AE73CE /* Device+Constants.swift */; };
		C4F81916244B760100AE73CE /* String+Replacing.swift in Sources */ = {isa = PBXBuildFile; fileRef = C4F81915244B760100AE73CE /* String+Replacing.swift */; };
		C4F81919244B761700AE73CE /* UIColor+Hex.swift in Sources */ = {isa = PBXBuildFile; fileRef = C4F81918244B761700AE73CE /* UIColor+Hex.swift */; };
		C4F8191C244B763F00AE73CE /* UINavigationController+StatusBar.swift in Sources */ = {isa = PBXBuildFile; fileRef = C4F8191B244B763F00AE73CE /* UINavigationController+StatusBar.swift */; };
		C4F8191F244B768C00AE73CE /* UIStackView+Convenience.swift in Sources */ = {isa = PBXBuildFile; fileRef = C4F8191E244B768C00AE73CE /* UIStackView+Convenience.swift */; };
		C4F81923244B76A500AE73CE /* UITableView+Dequeue.swift in Sources */ = {isa = PBXBuildFile; fileRef = C4F81921244B76A500AE73CE /* UITableView+Dequeue.swift */; };
		C4F81924244B76A500AE73CE /* UITableView+Register.swift in Sources */ = {isa = PBXBuildFile; fileRef = C4F81922244B76A500AE73CE /* UITableView+Register.swift */; };
		C4F81928244B76BA00AE73CE /* UITableViewCell+SelectedBackgroundView.swift in Sources */ = {isa = PBXBuildFile; fileRef = C4F81926244B76BA00AE73CE /* UITableViewCell+SelectedBackgroundView.swift */; };
		C4F81929244B76BA00AE73CE /* UITableViewCell+DisclosureIndicator.swift in Sources */ = {isa = PBXBuildFile; fileRef = C4F81927244B76BA00AE73CE /* UITableViewCell+DisclosureIndicator.swift */; };
		C4F8192C244B76CE00AE73CE /* UITextField+Indent.swift in Sources */ = {isa = PBXBuildFile; fileRef = C4F8192B244B76CE00AE73CE /* UITextField+Indent.swift */; };
		C4F8192F244B76DC00AE73CE /* UIView+CornerRadius.swift in Sources */ = {isa = PBXBuildFile; fileRef = C4F8192E244B76DC00AE73CE /* UIView+CornerRadius.swift */; };
		C4F8193C244B817800AE73CE /* ApplicationLaunchInstructor.swift in Sources */ = {isa = PBXBuildFile; fileRef = C4F8193B244B817800AE73CE /* ApplicationLaunchInstructor.swift */; };
		C4F81940244B824200AE73CE /* ViewController.swift in Sources */ = {isa = PBXBuildFile; fileRef = C4F8193E244B824200AE73CE /* ViewController.swift */; };
		C4F81941244B824200AE73CE /* CoordinatorNavigationController.swift in Sources */ = {isa = PBXBuildFile; fileRef = C4F8193F244B824200AE73CE /* CoordinatorNavigationController.swift */; };
		C4F81945244B82BB00AE73CE /* ParentCoordinator.swift in Sources */ = {isa = PBXBuildFile; fileRef = C4F81943244B82BB00AE73CE /* ParentCoordinator.swift */; };
		C4F81946244B82BB00AE73CE /* Coordinator.swift in Sources */ = {isa = PBXBuildFile; fileRef = C4F81944244B82BB00AE73CE /* Coordinator.swift */; };
		C4F8194A244B82F000AE73CE /* ModuleFactory.swift in Sources */ = {isa = PBXBuildFile; fileRef = C4F81948244B82F000AE73CE /* ModuleFactory.swift */; };
		C4F8194B244B82F000AE73CE /* CoordinatorFactory.swift in Sources */ = {isa = PBXBuildFile; fileRef = C4F81949244B82F000AE73CE /* CoordinatorFactory.swift */; };
		C4F8194E244B830D00AE73CE /* Presentable.swift in Sources */ = {isa = PBXBuildFile; fileRef = C4F8194D244B830D00AE73CE /* Presentable.swift */; };
		C4F81952244B832A00AE73CE /* TransitionType.swift in Sources */ = {isa = PBXBuildFile; fileRef = C4F81950244B832A00AE73CE /* TransitionType.swift */; };
		C4F81953244B832A00AE73CE /* Router.swift in Sources */ = {isa = PBXBuildFile; fileRef = C4F81951244B832A00AE73CE /* Router.swift */; };
		C4F81955244B834500AE73CE /* ApplicationCoordinator.swift in Sources */ = {isa = PBXBuildFile; fileRef = C4F81954244B834500AE73CE /* ApplicationCoordinator.swift */; };
		C4F81958244B86EC00AE73CE /* ColorStyles.swift in Sources */ = {isa = PBXBuildFile; fileRef = C4F81957244B86EC00AE73CE /* ColorStyles.swift */; };
		C4F8195A244B890B00AE73CE /* AppDelegateConfiguratorFactory.swift in Sources */ = {isa = PBXBuildFile; fileRef = C4F81959244B890B00AE73CE /* AppDelegateConfiguratorFactory.swift */; };
		C4F8195F244B891800AE73CE /* StartupAppDelegateConfigurator.swift in Sources */ = {isa = PBXBuildFile; fileRef = C4F8195C244B891800AE73CE /* StartupAppDelegateConfigurator.swift */; };
		C4F81963244B89ED00AE73CE /* CompositeAppDelegateConfigurator.swift in Sources */ = {isa = PBXBuildFile; fileRef = C4F81962244B89ED00AE73CE /* CompositeAppDelegateConfigurator.swift */; };
		C4F8196D244B9AFF00AE73CE /* Localizable.strings in Resources */ = {isa = PBXBuildFile; fileRef = C4F8196F244B9AFF00AE73CE /* Localizable.strings */; };
		C4F81974244BA02C00AE73CE /* Rswift in Frameworks */ = {isa = PBXBuildFile; productRef = C4F81973244BA02C00AE73CE /* Rswift */; };
		C4F81977244C4F3200AE73CE /* IQKeyboardManagerSwift in Frameworks */ = {isa = PBXBuildFile; productRef = C4F81976244C4F3200AE73CE /* IQKeyboardManagerSwift */; };
		C4F8197A244C4FCD00AE73CE /* ViewAnimator in Frameworks */ = {isa = PBXBuildFile; productRef = C4F81979244C4FCD00AE73CE /* ViewAnimator */; };
		C4F8197D244C508F00AE73CE /* Hero in Frameworks */ = {isa = PBXBuildFile; productRef = C4F8197C244C508F00AE73CE /* Hero */; };
		C4F81982244C557100AE73CE /* SFProText-Regular.otf in Resources */ = {isa = PBXBuildFile; fileRef = C4F81981244C557100AE73CE /* SFProText-Regular.otf */; };
		C4F81984244C559000AE73CE /* SFProText-Semibold.otf in Resources */ = {isa = PBXBuildFile; fileRef = C4F81983244C559000AE73CE /* SFProText-Semibold.otf */; };
		C4F81986244C55D300AE73CE /* SFProDisplay-Bold.otf in Resources */ = {isa = PBXBuildFile; fileRef = C4F81985244C55D300AE73CE /* SFProDisplay-Bold.otf */; };
		C4F81988244C55DF00AE73CE /* SFProDisplay-Medium.otf in Resources */ = {isa = PBXBuildFile; fileRef = C4F81987244C55DF00AE73CE /* SFProDisplay-Medium.otf */; };
		C4F8198A244C55FB00AE73CE /* SFProRounded-Bold.otf in Resources */ = {isa = PBXBuildFile; fileRef = C4F81989244C55FB00AE73CE /* SFProRounded-Bold.otf */; };
		C4F8198C244C560C00AE73CE /* SFProRounded-Semibold.otf in Resources */ = {isa = PBXBuildFile; fileRef = C4F8198B244C560C00AE73CE /* SFProRounded-Semibold.otf */; };
		C4F8198E244C562400AE73CE /* SFProRounded-Regular.otf in Resources */ = {isa = PBXBuildFile; fileRef = C4F8198D244C562400AE73CE /* SFProRounded-Regular.otf */; };
		C4F81990244C582B00AE73CE /* FontStyles.swift in Sources */ = {isa = PBXBuildFile; fileRef = C4F8198F244C582B00AE73CE /* FontStyles.swift */; };
/* End PBXBuildFile section */

/* Begin PBXFileReference section */
		C40AE0B924535E27008BC71C /* ActivitiesCell.xib */ = {isa = PBXFileReference; lastKnownFileType = file.xib; path = ActivitiesCell.xib; sourceTree = "<group>"; };
		C40AE0BB24535E4B008BC71C /* ActivitiesCell.swift */ = {isa = PBXFileReference; lastKnownFileType = sourcecode.swift; path = ActivitiesCell.swift; sourceTree = "<group>"; };
		C40AE0BE245363D3008BC71C /* UICollectionView+Dequeue.swift */ = {isa = PBXFileReference; lastKnownFileType = sourcecode.swift; path = "UICollectionView+Dequeue.swift"; sourceTree = "<group>"; };
		C40AE0C024536409008BC71C /* UICollectionView+Register.swift */ = {isa = PBXFileReference; lastKnownFileType = sourcecode.swift; path = "UICollectionView+Register.swift"; sourceTree = "<group>"; };
		C40AE0C324537A2F008BC71C /* ActivitiesCollectionViewDataSource.swift */ = {isa = PBXFileReference; lastKnownFileType = sourcecode.swift; path = ActivitiesCollectionViewDataSource.swift; sourceTree = "<group>"; };
		C40AE0C524537ACE008BC71C /* ActivitiesCollectionViewDelegate.swift */ = {isa = PBXFileReference; lastKnownFileType = sourcecode.swift; path = ActivitiesCollectionViewDelegate.swift; sourceTree = "<group>"; };
		C40AE0C824537E44008BC71C /* ActivitiesViewModel.swift */ = {isa = PBXFileReference; lastKnownFileType = sourcecode.swift; path = ActivitiesViewModel.swift; sourceTree = "<group>"; };
		C40AE0CA24537E6E008BC71C /* ActivitiesRowType.swift */ = {isa = PBXFileReference; lastKnownFileType = sourcecode.swift; path = ActivitiesRowType.swift; sourceTree = "<group>"; };
		C40AE0CC24543A04008BC71C /* UIView+GradientLayer.swift */ = {isa = PBXFileReference; lastKnownFileType = sourcecode.swift; path = "UIView+GradientLayer.swift"; sourceTree = "<group>"; };
		C4197B7C2450A24E00811F37 /* TabBarCoordinator.swift */ = {isa = PBXFileReference; lastKnownFileType = sourcecode.swift; path = TabBarCoordinator.swift; sourceTree = "<group>"; };
		C4197B7F2450A28600811F37 /* TabBarController.swift */ = {isa = PBXFileReference; lastKnownFileType = sourcecode.swift; path = TabBarController.swift; sourceTree = "<group>"; };
		C4197B822450A2D300811F37 /* MainTabBar.strings */ = {isa = PBXFileReference; lastKnownFileType = text.plist.strings; path = MainTabBar.strings; sourceTree = "<group>"; };
		C4197B882450A9EC00811F37 /* ActivitiesViewController.swift */ = {isa = PBXFileReference; lastKnownFileType = sourcecode.swift; path = ActivitiesViewController.swift; sourceTree = "<group>"; };
		C4197B8B2450ABA400811F37 /* ActivitiesCoordinator.swift */ = {isa = PBXFileReference; lastKnownFileType = sourcecode.swift; path = ActivitiesCoordinator.swift; sourceTree = "<group>"; };
		C4197B8D2450ABF000811F37 /* ActivitiesModuleFactory.swift */ = {isa = PBXFileReference; lastKnownFileType = sourcecode.swift; path = ActivitiesModuleFactory.swift; sourceTree = "<group>"; };
		C4197B8F2450AC5700811F37 /* ActivitiesStore.swift */ = {isa = PBXFileReference; lastKnownFileType = sourcecode.swift; path = ActivitiesStore.swift; sourceTree = "<group>"; };
		C4197B912450B16700811F37 /* ActivitiesViewController.xib */ = {isa = PBXFileReference; lastKnownFileType = file.xib; path = ActivitiesViewController.xib; sourceTree = "<group>"; };
		C4197B932450B1EE00811F37 /* Activities.strings */ = {isa = PBXFileReference; lastKnownFileType = text.plist.strings; path = Activities.strings; sourceTree = "<group>"; };
		C4A98278244E00A5005E98BC /* ThirdPartiesSceneDelegateConfigurator.swift */ = {isa = PBXFileReference; lastKnownFileType = sourcecode.swift; path = ThirdPartiesSceneDelegateConfigurator.swift; sourceTree = "<group>"; };
		C4A9827A244E017F005E98BC /* NavigationBarSceneDelegateConfigurator.swift */ = {isa = PBXFileReference; lastKnownFileType = sourcecode.swift; path = NavigationBarSceneDelegateConfigurator.swift; sourceTree = "<group>"; };
		C4BD0F29244DEF3D0056E8C1 /* R.generated.swift */ = {isa = PBXFileReference; fileEncoding = 4; lastKnownFileType = sourcecode.swift; path = R.generated.swift; sourceTree = "<group>"; };
		C4BD0F2B244DF0020056E8C1 /* SceneDelegate.swift */ = {isa = PBXFileReference; lastKnownFileType = sourcecode.swift; path = SceneDelegate.swift; sourceTree = "<group>"; };
		C4BD0F32244DF1280056E8C1 /* StartupSceneDelegateConfigurator.swift */ = {isa = PBXFileReference; lastKnownFileType = sourcecode.swift; path = StartupSceneDelegateConfigurator.swift; sourceTree = "<group>"; };
		C4D138DC244DF8DC008215C0 /* CompositeSceneDelegateConfigurator.swift */ = {isa = PBXFileReference; lastKnownFileType = sourcecode.swift; path = CompositeSceneDelegateConfigurator.swift; sourceTree = "<group>"; };
		C4D138DE244DFA2C008215C0 /* SceneDelegateConfiguratorFactory.swift */ = {isa = PBXFileReference; lastKnownFileType = sourcecode.swift; path = SceneDelegateConfiguratorFactory.swift; sourceTree = "<group>"; };
		C4D64A222455DCAC00100993 /* Models */ = {isa = PBXFileReference; lastKnownFileType = folder; name = Models; path = ../Shared/Models; sourceTree = "<group>"; };
		C4F818DF244B289200AE73CE /* Teztez.app */ = {isa = PBXFileReference; explicitFileType = wrapper.application; includeInIndex = 0; path = Teztez.app; sourceTree = BUILT_PRODUCTS_DIR; };
		C4F818E2244B289200AE73CE /* AppDelegate.swift */ = {isa = PBXFileReference; lastKnownFileType = sourcecode.swift; path = AppDelegate.swift; sourceTree = "<group>"; };
		C4F818EB244B289400AE73CE /* Assets.xcassets */ = {isa = PBXFileReference; lastKnownFileType = folder.assetcatalog; path = Assets.xcassets; sourceTree = "<group>"; };
		C4F818EE244B289400AE73CE /* Base */ = {isa = PBXFileReference; lastKnownFileType = file.storyboard; name = Base; path = Base.lproj/LaunchScreen.storyboard; sourceTree = "<group>"; };
		C4F818F0244B289400AE73CE /* Info.plist */ = {isa = PBXFileReference; lastKnownFileType = text.plist.xml; path = Info.plist; sourceTree = "<group>"; };
		C4F8190B244B72D500AE73CE /* UserDefaultsStorage.swift */ = {isa = PBXFileReference; fileEncoding = 4; lastKnownFileType = sourcecode.swift; path = UserDefaultsStorage.swift; sourceTree = "<group>"; };
		C4F8190D244B730200AE73CE /* Language.swift */ = {isa = PBXFileReference; fileEncoding = 4; lastKnownFileType = sourcecode.swift; path = Language.swift; sourceTree = "<group>"; };
		C4F81911244B75DE00AE73CE /* Device+Constants.swift */ = {isa = PBXFileReference; fileEncoding = 4; lastKnownFileType = sourcecode.swift; path = "Device+Constants.swift"; sourceTree = "<group>"; };
		C4F81915244B760100AE73CE /* String+Replacing.swift */ = {isa = PBXFileReference; fileEncoding = 4; lastKnownFileType = sourcecode.swift; path = "String+Replacing.swift"; sourceTree = "<group>"; };
		C4F81918244B761700AE73CE /* UIColor+Hex.swift */ = {isa = PBXFileReference; fileEncoding = 4; lastKnownFileType = sourcecode.swift; path = "UIColor+Hex.swift"; sourceTree = "<group>"; };
		C4F8191B244B763F00AE73CE /* UINavigationController+StatusBar.swift */ = {isa = PBXFileReference; fileEncoding = 4; lastKnownFileType = sourcecode.swift; path = "UINavigationController+StatusBar.swift"; sourceTree = "<group>"; };
		C4F8191E244B768C00AE73CE /* UIStackView+Convenience.swift */ = {isa = PBXFileReference; fileEncoding = 4; lastKnownFileType = sourcecode.swift; path = "UIStackView+Convenience.swift"; sourceTree = "<group>"; };
		C4F81921244B76A500AE73CE /* UITableView+Dequeue.swift */ = {isa = PBXFileReference; fileEncoding = 4; lastKnownFileType = sourcecode.swift; path = "UITableView+Dequeue.swift"; sourceTree = "<group>"; };
		C4F81922244B76A500AE73CE /* UITableView+Register.swift */ = {isa = PBXFileReference; fileEncoding = 4; lastKnownFileType = sourcecode.swift; path = "UITableView+Register.swift"; sourceTree = "<group>"; };
		C4F81926244B76BA00AE73CE /* UITableViewCell+SelectedBackgroundView.swift */ = {isa = PBXFileReference; fileEncoding = 4; lastKnownFileType = sourcecode.swift; path = "UITableViewCell+SelectedBackgroundView.swift"; sourceTree = "<group>"; };
		C4F81927244B76BA00AE73CE /* UITableViewCell+DisclosureIndicator.swift */ = {isa = PBXFileReference; fileEncoding = 4; lastKnownFileType = sourcecode.swift; path = "UITableViewCell+DisclosureIndicator.swift"; sourceTree = "<group>"; };
		C4F8192B244B76CE00AE73CE /* UITextField+Indent.swift */ = {isa = PBXFileReference; fileEncoding = 4; lastKnownFileType = sourcecode.swift; path = "UITextField+Indent.swift"; sourceTree = "<group>"; };
		C4F8192E244B76DC00AE73CE /* UIView+CornerRadius.swift */ = {isa = PBXFileReference; fileEncoding = 4; lastKnownFileType = sourcecode.swift; path = "UIView+CornerRadius.swift"; sourceTree = "<group>"; };
		C4F8193B244B817800AE73CE /* ApplicationLaunchInstructor.swift */ = {isa = PBXFileReference; fileEncoding = 4; lastKnownFileType = sourcecode.swift; path = ApplicationLaunchInstructor.swift; sourceTree = "<group>"; };
		C4F8193E244B824200AE73CE /* ViewController.swift */ = {isa = PBXFileReference; fileEncoding = 4; lastKnownFileType = sourcecode.swift; path = ViewController.swift; sourceTree = "<group>"; };
		C4F8193F244B824200AE73CE /* CoordinatorNavigationController.swift */ = {isa = PBXFileReference; fileEncoding = 4; lastKnownFileType = sourcecode.swift; path = CoordinatorNavigationController.swift; sourceTree = "<group>"; };
		C4F81943244B82BB00AE73CE /* ParentCoordinator.swift */ = {isa = PBXFileReference; fileEncoding = 4; lastKnownFileType = sourcecode.swift; path = ParentCoordinator.swift; sourceTree = "<group>"; };
		C4F81944244B82BB00AE73CE /* Coordinator.swift */ = {isa = PBXFileReference; fileEncoding = 4; lastKnownFileType = sourcecode.swift; path = Coordinator.swift; sourceTree = "<group>"; };
		C4F81948244B82F000AE73CE /* ModuleFactory.swift */ = {isa = PBXFileReference; fileEncoding = 4; lastKnownFileType = sourcecode.swift; path = ModuleFactory.swift; sourceTree = "<group>"; };
		C4F81949244B82F000AE73CE /* CoordinatorFactory.swift */ = {isa = PBXFileReference; fileEncoding = 4; lastKnownFileType = sourcecode.swift; path = CoordinatorFactory.swift; sourceTree = "<group>"; };
		C4F8194D244B830D00AE73CE /* Presentable.swift */ = {isa = PBXFileReference; fileEncoding = 4; lastKnownFileType = sourcecode.swift; path = Presentable.swift; sourceTree = "<group>"; };
		C4F81950244B832A00AE73CE /* TransitionType.swift */ = {isa = PBXFileReference; fileEncoding = 4; lastKnownFileType = sourcecode.swift; path = TransitionType.swift; sourceTree = "<group>"; };
		C4F81951244B832A00AE73CE /* Router.swift */ = {isa = PBXFileReference; fileEncoding = 4; lastKnownFileType = sourcecode.swift; path = Router.swift; sourceTree = "<group>"; };
		C4F81954244B834500AE73CE /* ApplicationCoordinator.swift */ = {isa = PBXFileReference; fileEncoding = 4; lastKnownFileType = sourcecode.swift; path = ApplicationCoordinator.swift; sourceTree = "<group>"; };
		C4F81957244B86EC00AE73CE /* ColorStyles.swift */ = {isa = PBXFileReference; fileEncoding = 4; lastKnownFileType = sourcecode.swift; path = ColorStyles.swift; sourceTree = "<group>"; };
		C4F81959244B890B00AE73CE /* AppDelegateConfiguratorFactory.swift */ = {isa = PBXFileReference; fileEncoding = 4; lastKnownFileType = sourcecode.swift; path = AppDelegateConfiguratorFactory.swift; sourceTree = "<group>"; };
		C4F8195C244B891800AE73CE /* StartupAppDelegateConfigurator.swift */ = {isa = PBXFileReference; fileEncoding = 4; lastKnownFileType = sourcecode.swift; path = StartupAppDelegateConfigurator.swift; sourceTree = "<group>"; };
		C4F81962244B89ED00AE73CE /* CompositeAppDelegateConfigurator.swift */ = {isa = PBXFileReference; fileEncoding = 4; lastKnownFileType = sourcecode.swift; path = CompositeAppDelegateConfigurator.swift; sourceTree = "<group>"; };
		C4F8196E244B9AFF00AE73CE /* en */ = {isa = PBXFileReference; lastKnownFileType = text.plist.strings; name = en; path = en.lproj/Localizable.strings; sourceTree = "<group>"; };
		C4F81981244C557100AE73CE /* SFProText-Regular.otf */ = {isa = PBXFileReference; lastKnownFileType = file; path = "SFProText-Regular.otf"; sourceTree = "<group>"; };
		C4F81983244C559000AE73CE /* SFProText-Semibold.otf */ = {isa = PBXFileReference; lastKnownFileType = file; path = "SFProText-Semibold.otf"; sourceTree = "<group>"; };
		C4F81985244C55D300AE73CE /* SFProDisplay-Bold.otf */ = {isa = PBXFileReference; lastKnownFileType = file; path = "SFProDisplay-Bold.otf"; sourceTree = "<group>"; };
		C4F81987244C55DF00AE73CE /* SFProDisplay-Medium.otf */ = {isa = PBXFileReference; lastKnownFileType = file; path = "SFProDisplay-Medium.otf"; sourceTree = "<group>"; };
		C4F81989244C55FB00AE73CE /* SFProRounded-Bold.otf */ = {isa = PBXFileReference; lastKnownFileType = file; path = "SFProRounded-Bold.otf"; sourceTree = "<group>"; };
		C4F8198B244C560C00AE73CE /* SFProRounded-Semibold.otf */ = {isa = PBXFileReference; lastKnownFileType = file; path = "SFProRounded-Semibold.otf"; sourceTree = "<group>"; };
		C4F8198D244C562400AE73CE /* SFProRounded-Regular.otf */ = {isa = PBXFileReference; lastKnownFileType = file; path = "SFProRounded-Regular.otf"; sourceTree = "<group>"; };
		C4F8198F244C582B00AE73CE /* FontStyles.swift */ = {isa = PBXFileReference; lastKnownFileType = sourcecode.swift; path = FontStyles.swift; sourceTree = "<group>"; };
/* End PBXFileReference section */

/* Begin PBXFrameworksBuildPhase section */
		C4F818DC244B289200AE73CE /* Frameworks */ = {
			isa = PBXFrameworksBuildPhase;
			buildActionMask = 2147483647;
			files = (
				C4D64A252455DCFF00100993 /* Models in Frameworks */,
				C4F81974244BA02C00AE73CE /* Rswift in Frameworks */,
				C4F81977244C4F3200AE73CE /* IQKeyboardManagerSwift in Frameworks */,
				C4F8197D244C508F00AE73CE /* Hero in Frameworks */,
				C4F8197A244C4FCD00AE73CE /* ViewAnimator in Frameworks */,
			);
			runOnlyForDeploymentPostprocessing = 0;
		};
/* End PBXFrameworksBuildPhase section */

/* Begin PBXGroup section */
		C40AE0B824535B31008BC71C /* View */ = {
			isa = PBXGroup;
			children = (
				C40AE0BB24535E4B008BC71C /* ActivitiesCell.swift */,
				C40AE0B924535E27008BC71C /* ActivitiesCell.xib */,
			);
			path = View;
			sourceTree = "<group>";
		};
		C40AE0BD245363B7008BC71C /* UICollectionView */ = {
			isa = PBXGroup;
			children = (
				C40AE0BE245363D3008BC71C /* UICollectionView+Dequeue.swift */,
				C40AE0C024536409008BC71C /* UICollectionView+Register.swift */,
			);
			path = UICollectionView;
			sourceTree = "<group>";
		};
		C40AE0C724537E2E008BC71C /* ViewModel */ = {
			isa = PBXGroup;
			children = (
				C40AE0C824537E44008BC71C /* ActivitiesViewModel.swift */,
			);
			path = ViewModel;
			sourceTree = "<group>";
		};
		C4197B7A2450A08700811F37 /* MainTabBar */ = {
			isa = PBXGroup;
			children = (
				C4197B7E2450A27500811F37 /* Controller */,
				C4197B7B2450A22E00811F37 /* Coordinator */,
				C4197B812450A2C400811F37 /* Localization */,
			);
			path = MainTabBar;
			sourceTree = "<group>";
		};
		C4197B7B2450A22E00811F37 /* Coordinator */ = {
			isa = PBXGroup;
			children = (
				C4197B7C2450A24E00811F37 /* TabBarCoordinator.swift */,
			);
			path = Coordinator;
			sourceTree = "<group>";
		};
		C4197B7E2450A27500811F37 /* Controller */ = {
			isa = PBXGroup;
			children = (
				C4197B7F2450A28600811F37 /* TabBarController.swift */,
			);
			path = Controller;
			sourceTree = "<group>";
		};
		C4197B812450A2C400811F37 /* Localization */ = {
			isa = PBXGroup;
			children = (
				C4197B822450A2D300811F37 /* MainTabBar.strings */,
			);
			path = Localization;
			sourceTree = "<group>";
		};
		C4197B842450A54300811F37 /* Activities */ = {
			isa = PBXGroup;
			children = (
				C4197B852450A8E400811F37 /* Controller */,
				C4197B8A2450AB4000811F37 /* Coordinator */,
				C4197B872450A98300811F37 /* Localization */,
				C4197B862450A97700811F37 /* Store */,
				C40AE0B824535B31008BC71C /* View */,
				C40AE0C724537E2E008BC71C /* ViewModel */,
			);
			path = Activities;
			sourceTree = "<group>";
		};
		C4197B852450A8E400811F37 /* Controller */ = {
			isa = PBXGroup;
			children = (
				C40AE0C324537A2F008BC71C /* ActivitiesCollectionViewDataSource.swift */,
				C40AE0C524537ACE008BC71C /* ActivitiesCollectionViewDelegate.swift */,
				C4197B882450A9EC00811F37 /* ActivitiesViewController.swift */,
				C4197B912450B16700811F37 /* ActivitiesViewController.xib */,
			);
			path = Controller;
			sourceTree = "<group>";
		};
		C4197B862450A97700811F37 /* Store */ = {
			isa = PBXGroup;
			children = (
				C40AE0CA24537E6E008BC71C /* ActivitiesRowType.swift */,
				C4197B8F2450AC5700811F37 /* ActivitiesStore.swift */,
			);
			path = Store;
			sourceTree = "<group>";
		};
		C4197B872450A98300811F37 /* Localization */ = {
			isa = PBXGroup;
			children = (
				C4197B932450B1EE00811F37 /* Activities.strings */,
			);
			path = Localization;
			sourceTree = "<group>";
		};
		C4197B8A2450AB4000811F37 /* Coordinator */ = {
			isa = PBXGroup;
			children = (
				C4197B8B2450ABA400811F37 /* ActivitiesCoordinator.swift */,
				C4197B8D2450ABF000811F37 /* ActivitiesModuleFactory.swift */,
			);
			path = Coordinator;
			sourceTree = "<group>";
		};
		C4A98277244DFF8C005E98BC /* Configurators */ = {
			isa = PBXGroup;
			children = (
				C4A9827A244E017F005E98BC /* NavigationBarSceneDelegateConfigurator.swift */,
				C4BD0F32244DF1280056E8C1 /* StartupSceneDelegateConfigurator.swift */,
				C4A98278244E00A5005E98BC /* ThirdPartiesSceneDelegateConfigurator.swift */,
			);
			path = Configurators;
			sourceTree = "<group>";
		};
		C4BD0F2D244DF09F0056E8C1 /* SceneDelegate */ = {
			isa = PBXGroup;
			children = (
				C4BD0F2B244DF0020056E8C1 /* SceneDelegate.swift */,
				C4D138DC244DF8DC008215C0 /* CompositeSceneDelegateConfigurator.swift */,
				C4D138DE244DFA2C008215C0 /* SceneDelegateConfiguratorFactory.swift */,
				C4A98277244DFF8C005E98BC /* Configurators */,
			);
			path = SceneDelegate;
			sourceTree = "<group>";
		};
		C4D64A232455DCFF00100993 /* Frameworks */ = {
			isa = PBXGroup;
			children = (
			);
			name = Frameworks;
			sourceTree = "<group>";
		};
		C4F818D6244B289200AE73CE = {
			isa = PBXGroup;
			children = (
				C4D64A222455DCAC00100993 /* Models */,
				C4F818E1244B289200AE73CE /* Teztez */,
				C4F818E0244B289200AE73CE /* Products */,
				C4D64A232455DCFF00100993 /* Frameworks */,
			);
			sourceTree = "<group>";
		};
		C4F818E0244B289200AE73CE /* Products */ = {
			isa = PBXGroup;
			children = (
				C4F818DF244B289200AE73CE /* Teztez.app */,
			);
			name = Products;
			sourceTree = "<group>";
		};
		C4F818E1244B289200AE73CE /* Teztez */ = {
			isa = PBXGroup;
			children = (
				C4F818FC244B700000AE73CE /* Core */,
				C4F81909244B724F00AE73CE /* Flows */,
				C4F81905244B720000AE73CE /* Resources */,
			);
			path = Teztez;
			sourceTree = "<group>";
		};
		C4F818FC244B700000AE73CE /* Core */ = {
			isa = PBXGroup;
			children = (
				C4F8190D244B730200AE73CE /* Language.swift */,
				C4F81908244B724700AE73CE /* AppDelegate */,
				C4F81930244B78CF00AE73CE /* Architecture */,
				C4F81956244B86C800AE73CE /* Design System */,
				C4F8190F244B75BB00AE73CE /* Extensions */,
				C4BD0F2D244DF09F0056E8C1 /* SceneDelegate */,
				C4F8190A244B72C800AE73CE /* Storages */,
			);
			path = Core;
			sourceTree = "<group>";
		};
		C4F81905244B720000AE73CE /* Resources */ = {
			isa = PBXGroup;
			children = (
				C4F8197F244C54A100AE73CE /* Fonts */,
				C4F81965244B952F00AE73CE /* Generated */,
				C4F8197E244C515200AE73CE /* Localization */,
				C4F81906244B721900AE73CE /* Plists */,
				C4F81980244C54B700AE73CE /* Suporting Files */,
			);
			path = Resources;
			sourceTree = "<group>";
		};
		C4F81906244B721900AE73CE /* Plists */ = {
			isa = PBXGroup;
			children = (
				C4F818F0244B289400AE73CE /* Info.plist */,
			);
			path = Plists;
			sourceTree = "<group>";
		};
		C4F81908244B724700AE73CE /* AppDelegate */ = {
			isa = PBXGroup;
			children = (
				C4F818E2244B289200AE73CE /* AppDelegate.swift */,
				C4F81959244B890B00AE73CE /* AppDelegateConfiguratorFactory.swift */,
				C4F81962244B89ED00AE73CE /* CompositeAppDelegateConfigurator.swift */,
				C4F8195B244B891800AE73CE /* Configurators */,
			);
			path = AppDelegate;
			sourceTree = "<group>";
		};
		C4F81909244B724F00AE73CE /* Flows */ = {
			isa = PBXGroup;
			children = (
				C4197B842450A54300811F37 /* Activities */,
				C4197B7A2450A08700811F37 /* MainTabBar */,
			);
			path = Flows;
			sourceTree = "<group>";
		};
		C4F8190A244B72C800AE73CE /* Storages */ = {
			isa = PBXGroup;
			children = (
				C4F8190B244B72D500AE73CE /* UserDefaultsStorage.swift */,
			);
			path = Storages;
			sourceTree = "<group>";
		};
		C4F8190F244B75BB00AE73CE /* Extensions */ = {
			isa = PBXGroup;
			children = (
				C4F81910244B75DE00AE73CE /* Device */,
				C4F81913244B75F500AE73CE /* String */,
				C40AE0BD245363B7008BC71C /* UICollectionView */,
				C4F81917244B761700AE73CE /* UIColor */,
				C4F8191A244B763F00AE73CE /* UINavigationController */,
				C4F8191D244B768C00AE73CE /* UIStackView */,
				C4F81920244B76A500AE73CE /* UITableView */,
				C4F81925244B76BA00AE73CE /* UITableViewCell */,
				C4F8192A244B76CE00AE73CE /* UITextField */,
				C4F8192D244B76DC00AE73CE /* UIView */,
			);
			path = Extensions;
			sourceTree = "<group>";
		};
		C4F81910244B75DE00AE73CE /* Device */ = {
			isa = PBXGroup;
			children = (
				C4F81911244B75DE00AE73CE /* Device+Constants.swift */,
			);
			path = Device;
			sourceTree = "<group>";
		};
		C4F81913244B75F500AE73CE /* String */ = {
			isa = PBXGroup;
			children = (
				C4F81915244B760100AE73CE /* String+Replacing.swift */,
			);
			path = String;
			sourceTree = "<group>";
		};
		C4F81917244B761700AE73CE /* UIColor */ = {
			isa = PBXGroup;
			children = (
				C4F81918244B761700AE73CE /* UIColor+Hex.swift */,
			);
			path = UIColor;
			sourceTree = "<group>";
		};
		C4F8191A244B763F00AE73CE /* UINavigationController */ = {
			isa = PBXGroup;
			children = (
				C4F8191B244B763F00AE73CE /* UINavigationController+StatusBar.swift */,
			);
			path = UINavigationController;
			sourceTree = "<group>";
		};
		C4F8191D244B768C00AE73CE /* UIStackView */ = {
			isa = PBXGroup;
			children = (
				C4F8191E244B768C00AE73CE /* UIStackView+Convenience.swift */,
			);
			path = UIStackView;
			sourceTree = "<group>";
		};
		C4F81920244B76A500AE73CE /* UITableView */ = {
			isa = PBXGroup;
			children = (
				C4F81921244B76A500AE73CE /* UITableView+Dequeue.swift */,
				C4F81922244B76A500AE73CE /* UITableView+Register.swift */,
			);
			path = UITableView;
			sourceTree = "<group>";
		};
		C4F81925244B76BA00AE73CE /* UITableViewCell */ = {
			isa = PBXGroup;
			children = (
				C4F81926244B76BA00AE73CE /* UITableViewCell+SelectedBackgroundView.swift */,
				C4F81927244B76BA00AE73CE /* UITableViewCell+DisclosureIndicator.swift */,
			);
			path = UITableViewCell;
			sourceTree = "<group>";
		};
		C4F8192A244B76CE00AE73CE /* UITextField */ = {
			isa = PBXGroup;
			children = (
				C4F8192B244B76CE00AE73CE /* UITextField+Indent.swift */,
			);
			path = UITextField;
			sourceTree = "<group>";
		};
		C4F8192D244B76DC00AE73CE /* UIView */ = {
			isa = PBXGroup;
			children = (
				C4F8192E244B76DC00AE73CE /* UIView+CornerRadius.swift */,
				C40AE0CC24543A04008BC71C /* UIView+GradientLayer.swift */,
			);
			path = UIView;
			sourceTree = "<group>";
		};
		C4F81930244B78CF00AE73CE /* Architecture */ = {
			isa = PBXGroup;
			children = (
				C4F81931244B791000AE73CE /* Navigation */,
			);
			path = Architecture;
			sourceTree = "<group>";
		};
		C4F81931244B791000AE73CE /* Navigation */ = {
			isa = PBXGroup;
			children = (
				C4F81954244B834500AE73CE /* ApplicationCoordinator.swift */,
				C4F8193B244B817800AE73CE /* ApplicationLaunchInstructor.swift */,
				C4F8193D244B824200AE73CE /* Controllers */,
				C4F81942244B82BB00AE73CE /* Coordinators */,
				C4F81947244B82F000AE73CE /* Factories */,
				C4F8194C244B830D00AE73CE /* Protocols */,
				C4F8194F244B832A00AE73CE /* Router */,
			);
			path = Navigation;
			sourceTree = "<group>";
		};
		C4F8193D244B824200AE73CE /* Controllers */ = {
			isa = PBXGroup;
			children = (
				C4F8193E244B824200AE73CE /* ViewController.swift */,
				C4F8193F244B824200AE73CE /* CoordinatorNavigationController.swift */,
			);
			path = Controllers;
			sourceTree = "<group>";
		};
		C4F81942244B82BB00AE73CE /* Coordinators */ = {
			isa = PBXGroup;
			children = (
				C4F81943244B82BB00AE73CE /* ParentCoordinator.swift */,
				C4F81944244B82BB00AE73CE /* Coordinator.swift */,
			);
			path = Coordinators;
			sourceTree = "<group>";
		};
		C4F81947244B82F000AE73CE /* Factories */ = {
			isa = PBXGroup;
			children = (
				C4F81948244B82F000AE73CE /* ModuleFactory.swift */,
				C4F81949244B82F000AE73CE /* CoordinatorFactory.swift */,
			);
			path = Factories;
			sourceTree = "<group>";
		};
		C4F8194C244B830D00AE73CE /* Protocols */ = {
			isa = PBXGroup;
			children = (
				C4F8194D244B830D00AE73CE /* Presentable.swift */,
			);
			path = Protocols;
			sourceTree = "<group>";
		};
		C4F8194F244B832A00AE73CE /* Router */ = {
			isa = PBXGroup;
			children = (
				C4F81950244B832A00AE73CE /* TransitionType.swift */,
				C4F81951244B832A00AE73CE /* Router.swift */,
			);
			path = Router;
			sourceTree = "<group>";
		};
		C4F81956244B86C800AE73CE /* Design System */ = {
			isa = PBXGroup;
			children = (
				C4F81957244B86EC00AE73CE /* ColorStyles.swift */,
				C4F8198F244C582B00AE73CE /* FontStyles.swift */,
			);
			path = "Design System";
			sourceTree = "<group>";
		};
		C4F8195B244B891800AE73CE /* Configurators */ = {
			isa = PBXGroup;
			children = (
				C4F8195C244B891800AE73CE /* StartupAppDelegateConfigurator.swift */,
			);
			path = Configurators;
			sourceTree = "<group>";
		};
		C4F81965244B952F00AE73CE /* Generated */ = {
			isa = PBXGroup;
			children = (
				C4BD0F29244DEF3D0056E8C1 /* R.generated.swift */,
			);
			path = Generated;
			sourceTree = "<group>";
		};
		C4F8197E244C515200AE73CE /* Localization */ = {
			isa = PBXGroup;
			children = (
				C4F8196F244B9AFF00AE73CE /* Localizable.strings */,
			);
			path = Localization;
			sourceTree = "<group>";
		};
		C4F8197F244C54A100AE73CE /* Fonts */ = {
			isa = PBXGroup;
			children = (
				C4F81985244C55D300AE73CE /* SFProDisplay-Bold.otf */,
				C4F81987244C55DF00AE73CE /* SFProDisplay-Medium.otf */,
				C4F81989244C55FB00AE73CE /* SFProRounded-Bold.otf */,
				C4F8198D244C562400AE73CE /* SFProRounded-Regular.otf */,
				C4F8198B244C560C00AE73CE /* SFProRounded-Semibold.otf */,
				C4F81981244C557100AE73CE /* SFProText-Regular.otf */,
				C4F81983244C559000AE73CE /* SFProText-Semibold.otf */,
			);
			path = Fonts;
			sourceTree = "<group>";
		};
		C4F81980244C54B700AE73CE /* Suporting Files */ = {
			isa = PBXGroup;
			children = (
				C4F818EB244B289400AE73CE /* Assets.xcassets */,
				C4F818ED244B289400AE73CE /* LaunchScreen.storyboard */,
			);
			path = "Suporting Files";
			sourceTree = "<group>";
		};
/* End PBXGroup section */

/* Begin PBXNativeTarget section */
		C4F818DE244B289200AE73CE /* Teztez */ = {
			isa = PBXNativeTarget;
			buildConfigurationList = C4F818F3244B289400AE73CE /* Build configuration list for PBXNativeTarget "Teztez" */;
			buildPhases = (
				C4F818DD244B289200AE73CE /* Resources */,
				C4F818FB244B4FAF00AE73CE /* SwiftLint */,
				C4F818F7244B451900AE73CE /* Swift Format */,
				C4F81964244B919A00AE73CE /* R.Swift */,
				C4F8196A244B990D00AE73CE /* Update preferred Language in R.Swift */,
				C4F818DC244B289200AE73CE /* Frameworks */,
				C4F818DB244B289200AE73CE /* Sources */,
			);
			buildRules = (
			);
			dependencies = (
			);
			name = Teztez;
			packageProductDependencies = (
				C4F81973244BA02C00AE73CE /* Rswift */,
				C4F81976244C4F3200AE73CE /* IQKeyboardManagerSwift */,
				C4F81979244C4FCD00AE73CE /* ViewAnimator */,
				C4F8197C244C508F00AE73CE /* Hero */,
				C4D64A242455DCFF00100993 /* Models */,
			);
			productName = Teztez;
			productReference = C4F818DF244B289200AE73CE /* Teztez.app */;
			productType = "com.apple.product-type.application";
		};
/* End PBXNativeTarget section */

/* Begin PBXProject section */
		C4F818D7244B289200AE73CE /* Project object */ = {
			isa = PBXProject;
			attributes = {
				LastSwiftUpdateCheck = 1120;
				LastUpgradeCheck = 1120;
				ORGANIZATIONNAME = crococoders;
				TargetAttributes = {
					C4F818DE244B289200AE73CE = {
						CreatedOnToolsVersion = 11.2.1;
					};
				};
			};
			buildConfigurationList = C4F818DA244B289200AE73CE /* Build configuration list for PBXProject "Teztez" */;
			compatibilityVersion = "Xcode 9.3";
			developmentRegion = en;
			hasScannedForEncodings = 0;
			knownRegions = (
				en,
				Base,
			);
			mainGroup = C4F818D6244B289200AE73CE;
			packageReferences = (
				C4F81972244BA02C00AE73CE /* XCRemoteSwiftPackageReference "R.swift" */,
				C4F81975244C4F3200AE73CE /* XCRemoteSwiftPackageReference "IQKeyboardManager" */,
				C4F81978244C4FCD00AE73CE /* XCRemoteSwiftPackageReference "ViewAnimator" */,
				C4F8197B244C508F00AE73CE /* XCRemoteSwiftPackageReference "Hero" */,
			);
			productRefGroup = C4F818E0244B289200AE73CE /* Products */;
			projectDirPath = "";
			projectRoot = "";
			targets = (
				C4F818DE244B289200AE73CE /* Teztez */,
			);
		};
/* End PBXProject section */

/* Begin PBXResourcesBuildPhase section */
		C4F818DD244B289200AE73CE /* Resources */ = {
			isa = PBXResourcesBuildPhase;
			buildActionMask = 2147483647;
			files = (
				C4197B942450B1F900811F37 /* Activities.strings in Resources */,
				C4F818EF244B289400AE73CE /* LaunchScreen.storyboard in Resources */,
				C4F8198E244C562400AE73CE /* SFProRounded-Regular.otf in Resources */,
				C4197B832450A2D300811F37 /* MainTabBar.strings in Resources */,
				C4F8198A244C55FB00AE73CE /* SFProRounded-Bold.otf in Resources */,
				C4F8196D244B9AFF00AE73CE /* Localizable.strings in Resources */,
				C4197B922450B16700811F37 /* ActivitiesViewController.xib in Resources */,
				C4F81986244C55D300AE73CE /* SFProDisplay-Bold.otf in Resources */,
				C4F81984244C559000AE73CE /* SFProText-Semibold.otf in Resources */,
				C4F81982244C557100AE73CE /* SFProText-Regular.otf in Resources */,
				C4F818EC244B289400AE73CE /* Assets.xcassets in Resources */,
				C4F8198C244C560C00AE73CE /* SFProRounded-Semibold.otf in Resources */,
				C40AE0BA24535E27008BC71C /* ActivitiesCell.xib in Resources */,
				C4F81988244C55DF00AE73CE /* SFProDisplay-Medium.otf in Resources */,
			);
			runOnlyForDeploymentPostprocessing = 0;
		};
/* End PBXResourcesBuildPhase section */

/* Begin PBXShellScriptBuildPhase section */
		C4F818F7244B451900AE73CE /* Swift Format */ = {
			isa = PBXShellScriptBuildPhase;
			buildActionMask = 2147483647;
			files = (
			);
			inputFileListPaths = (
			);
			inputPaths = (
			);
			name = "Swift Format";
			outputFileListPaths = (
			);
			outputPaths = (
			);
			runOnlyForDeploymentPostprocessing = 0;
			shellPath = /bin/sh;
			shellScript = "cd ..\nSDKROOT=macosx\nswift run -c release swiftformat \"$SRCROOT\"\n";
		};
		C4F818FB244B4FAF00AE73CE /* SwiftLint */ = {
			isa = PBXShellScriptBuildPhase;
			buildActionMask = 2147483647;
			files = (
			);
			inputFileListPaths = (
			);
			inputPaths = (
			);
			name = SwiftLint;
			outputFileListPaths = (
			);
			outputPaths = (
			);
			runOnlyForDeploymentPostprocessing = 0;
			shellPath = /bin/sh;
			shellScript = "cd ..\nSDKROOT=macosx\nswift run swiftlint\n";
		};
		C4F81964244B919A00AE73CE /* R.Swift */ = {
			isa = PBXShellScriptBuildPhase;
			buildActionMask = 2147483647;
			files = (
			);
			inputFileListPaths = (
			);
			inputPaths = (
				"$TEMP_DIR/rswift-lastrun",
			);
			name = R.Swift;
			outputFileListPaths = (
			);
			outputPaths = (
				$SRCROOT/Teztez/Resources/Generated/R.generated.swift,
			);
			runOnlyForDeploymentPostprocessing = 0;
			shellPath = /bin/sh;
			shellScript = "cd ..\nSDKROOT=macosx\nswift run -c release rswift generate \"$SRCROOT/Teztez/Resources/Generated/R.generated.swift\"\n";
		};
		C4F8196A244B990D00AE73CE /* Update preferred Language in R.Swift */ = {
			isa = PBXShellScriptBuildPhase;
			buildActionMask = 2147483647;
			files = (
			);
			inputFileListPaths = (
			);
			inputPaths = (
			);
			name = "Update preferred Language in R.Swift";
			outputFileListPaths = (
			);
			outputPaths = (
			);
			runOnlyForDeploymentPostprocessing = 0;
			shellPath = /bin/sh;
			shellScript = "#!/usr/bin/env bash\nsed -i.backup 's/preferredLanguages: \\[String\\]\\? = nil/preferredLanguages: [String]? = Language.preferredLanguages/g' ./Teztez/Resources/Generated/R.generated.swift\n";
		};
/* End PBXShellScriptBuildPhase section */

/* Begin PBXSourcesBuildPhase section */
		C4F818DB244B289200AE73CE /* Sources */ = {
			isa = PBXSourcesBuildPhase;
			buildActionMask = 2147483647;
			files = (
				C4F8195A244B890B00AE73CE /* AppDelegateConfiguratorFactory.swift in Sources */,
				C4F81919244B761700AE73CE /* UIColor+Hex.swift in Sources */,
				C4F81958244B86EC00AE73CE /* ColorStyles.swift in Sources */,
				C4197B902450AC5700811F37 /* ActivitiesStore.swift in Sources */,
				C4197B8C2450ABA400811F37 /* ActivitiesCoordinator.swift in Sources */,
				C4A98279244E00A5005E98BC /* ThirdPartiesSceneDelegateConfigurator.swift in Sources */,
				C4F81945244B82BB00AE73CE /* ParentCoordinator.swift in Sources */,
				C40AE0CD24543A04008BC71C /* UIView+GradientLayer.swift in Sources */,
				C4F81953244B832A00AE73CE /* Router.swift in Sources */,
				C40AE0C624537ACE008BC71C /* ActivitiesCollectionViewDelegate.swift in Sources */,
				C4F8192C244B76CE00AE73CE /* UITextField+Indent.swift in Sources */,
				C4F81924244B76A500AE73CE /* UITableView+Register.swift in Sources */,
				C4BD0F2C244DF0020056E8C1 /* SceneDelegate.swift in Sources */,
				C40AE0C424537A2F008BC71C /* ActivitiesCollectionViewDataSource.swift in Sources */,
				C4F81952244B832A00AE73CE /* TransitionType.swift in Sources */,
				C40AE0BC24535E4B008BC71C /* ActivitiesCell.swift in Sources */,
				C4197B7D2450A24E00811F37 /* TabBarCoordinator.swift in Sources */,
				C40AE0C924537E44008BC71C /* ActivitiesViewModel.swift in Sources */,
				C4F81916244B760100AE73CE /* String+Replacing.swift in Sources */,
				C4F81941244B824200AE73CE /* CoordinatorNavigationController.swift in Sources */,
				C4F8194E244B830D00AE73CE /* Presentable.swift in Sources */,
				C4F8190E244B730200AE73CE /* Language.swift in Sources */,
				C4F81912244B75DE00AE73CE /* Device+Constants.swift in Sources */,
				C4F8195F244B891800AE73CE /* StartupAppDelegateConfigurator.swift in Sources */,
				C4F8194B244B82F000AE73CE /* CoordinatorFactory.swift in Sources */,
				C4F8190C244B72D500AE73CE /* UserDefaultsStorage.swift in Sources */,
				C4D138DF244DFA2C008215C0 /* SceneDelegateConfiguratorFactory.swift in Sources */,
				C4F8193C244B817800AE73CE /* ApplicationLaunchInstructor.swift in Sources */,
				C4F81955244B834500AE73CE /* ApplicationCoordinator.swift in Sources */,
				C4F81940244B824200AE73CE /* ViewController.swift in Sources */,
				C4F81946244B82BB00AE73CE /* Coordinator.swift in Sources */,
				C4BD0F2A244DEF3D0056E8C1 /* R.generated.swift in Sources */,
				C4BD0F33244DF1280056E8C1 /* StartupSceneDelegateConfigurator.swift in Sources */,
				C4D138DD244DF8DC008215C0 /* CompositeSceneDelegateConfigurator.swift in Sources */,
				C40AE0BF245363D3008BC71C /* UICollectionView+Dequeue.swift in Sources */,
				C4197B802450A28600811F37 /* TabBarController.swift in Sources */,
				C4F8194A244B82F000AE73CE /* ModuleFactory.swift in Sources */,
				C4F81928244B76BA00AE73CE /* UITableViewCell+SelectedBackgroundView.swift in Sources */,
				C4197B8E2450ABF000811F37 /* ActivitiesModuleFactory.swift in Sources */,
				C40AE0C124536409008BC71C /* UICollectionView+Register.swift in Sources */,
				C4F8192F244B76DC00AE73CE /* UIView+CornerRadius.swift in Sources */,
				C4A9827B244E017F005E98BC /* NavigationBarSceneDelegateConfigurator.swift in Sources */,
				C4F818E3244B289200AE73CE /* AppDelegate.swift in Sources */,
				C4F8191C244B763F00AE73CE /* UINavigationController+StatusBar.swift in Sources */,
				C4F81963244B89ED00AE73CE /* CompositeAppDelegateConfigurator.swift in Sources */,
				C4F81990244C582B00AE73CE /* FontStyles.swift in Sources */,
				C4F81923244B76A500AE73CE /* UITableView+Dequeue.swift in Sources */,
				C4197B892450A9EC00811F37 /* ActivitiesViewController.swift in Sources */,
				C40AE0CB24537E6E008BC71C /* ActivitiesRowType.swift in Sources */,
				C4F81929244B76BA00AE73CE /* UITableViewCell+DisclosureIndicator.swift in Sources */,
				C4F8191F244B768C00AE73CE /* UIStackView+Convenience.swift in Sources */,
			);
			runOnlyForDeploymentPostprocessing = 0;
		};
/* End PBXSourcesBuildPhase section */

/* Begin PBXVariantGroup section */
		C4F818ED244B289400AE73CE /* LaunchScreen.storyboard */ = {
			isa = PBXVariantGroup;
			children = (
				C4F818EE244B289400AE73CE /* Base */,
			);
			name = LaunchScreen.storyboard;
			sourceTree = "<group>";
		};
		C4F8196F244B9AFF00AE73CE /* Localizable.strings */ = {
			isa = PBXVariantGroup;
			children = (
				C4F8196E244B9AFF00AE73CE /* en */,
			);
			name = Localizable.strings;
			sourceTree = "<group>";
		};
/* End PBXVariantGroup section */

/* Begin XCBuildConfiguration section */
		C4F818F1244B289400AE73CE /* Debug */ = {
			isa = XCBuildConfiguration;
			buildSettings = {
				ALWAYS_SEARCH_USER_PATHS = NO;
				CLANG_ANALYZER_NONNULL = YES;
				CLANG_ANALYZER_NUMBER_OBJECT_CONVERSION = YES_AGGRESSIVE;
				CLANG_CXX_LANGUAGE_STANDARD = "gnu++14";
				CLANG_CXX_LIBRARY = "libc++";
				CLANG_ENABLE_MODULES = YES;
				CLANG_ENABLE_OBJC_ARC = YES;
				CLANG_ENABLE_OBJC_WEAK = YES;
				CLANG_WARN_BLOCK_CAPTURE_AUTORELEASING = YES;
				CLANG_WARN_BOOL_CONVERSION = YES;
				CLANG_WARN_COMMA = YES;
				CLANG_WARN_CONSTANT_CONVERSION = YES;
				CLANG_WARN_DEPRECATED_OBJC_IMPLEMENTATIONS = YES;
				CLANG_WARN_DIRECT_OBJC_ISA_USAGE = YES_ERROR;
				CLANG_WARN_DOCUMENTATION_COMMENTS = YES;
				CLANG_WARN_EMPTY_BODY = YES;
				CLANG_WARN_ENUM_CONVERSION = YES;
				CLANG_WARN_INFINITE_RECURSION = YES;
				CLANG_WARN_INT_CONVERSION = YES;
				CLANG_WARN_NON_LITERAL_NULL_CONVERSION = YES;
				CLANG_WARN_OBJC_IMPLICIT_RETAIN_SELF = YES;
				CLANG_WARN_OBJC_LITERAL_CONVERSION = YES;
				CLANG_WARN_OBJC_ROOT_CLASS = YES_ERROR;
				CLANG_WARN_RANGE_LOOP_ANALYSIS = YES;
				CLANG_WARN_STRICT_PROTOTYPES = YES;
				CLANG_WARN_SUSPICIOUS_MOVE = YES;
				CLANG_WARN_UNGUARDED_AVAILABILITY = YES_AGGRESSIVE;
				CLANG_WARN_UNREACHABLE_CODE = YES;
				CLANG_WARN__DUPLICATE_METHOD_MATCH = YES;
				COPY_PHASE_STRIP = NO;
				DEBUG_INFORMATION_FORMAT = dwarf;
				ENABLE_STRICT_OBJC_MSGSEND = YES;
				ENABLE_TESTABILITY = YES;
				GCC_C_LANGUAGE_STANDARD = gnu11;
				GCC_DYNAMIC_NO_PIC = NO;
				GCC_NO_COMMON_BLOCKS = YES;
				GCC_OPTIMIZATION_LEVEL = 0;
				GCC_PREPROCESSOR_DEFINITIONS = (
					"DEBUG=1",
					"$(inherited)",
				);
				GCC_WARN_64_TO_32_BIT_CONVERSION = YES;
				GCC_WARN_ABOUT_RETURN_TYPE = YES_ERROR;
				GCC_WARN_UNDECLARED_SELECTOR = YES;
				GCC_WARN_UNINITIALIZED_AUTOS = YES_AGGRESSIVE;
				GCC_WARN_UNUSED_FUNCTION = YES;
				GCC_WARN_UNUSED_VARIABLE = YES;
				IPHONEOS_DEPLOYMENT_TARGET = 13.0;
				MTL_ENABLE_DEBUG_INFO = INCLUDE_SOURCE;
				MTL_FAST_MATH = YES;
				ONLY_ACTIVE_ARCH = YES;
				SDKROOT = iphoneos;
				SWIFT_ACTIVE_COMPILATION_CONDITIONS = DEBUG;
				SWIFT_OPTIMIZATION_LEVEL = "-Onone";
			};
			name = Debug;
		};
		C4F818F2244B289400AE73CE /* Release */ = {
			isa = XCBuildConfiguration;
			buildSettings = {
				ALWAYS_SEARCH_USER_PATHS = NO;
				CLANG_ANALYZER_NONNULL = YES;
				CLANG_ANALYZER_NUMBER_OBJECT_CONVERSION = YES_AGGRESSIVE;
				CLANG_CXX_LANGUAGE_STANDARD = "gnu++14";
				CLANG_CXX_LIBRARY = "libc++";
				CLANG_ENABLE_MODULES = YES;
				CLANG_ENABLE_OBJC_ARC = YES;
				CLANG_ENABLE_OBJC_WEAK = YES;
				CLANG_WARN_BLOCK_CAPTURE_AUTORELEASING = YES;
				CLANG_WARN_BOOL_CONVERSION = YES;
				CLANG_WARN_COMMA = YES;
				CLANG_WARN_CONSTANT_CONVERSION = YES;
				CLANG_WARN_DEPRECATED_OBJC_IMPLEMENTATIONS = YES;
				CLANG_WARN_DIRECT_OBJC_ISA_USAGE = YES_ERROR;
				CLANG_WARN_DOCUMENTATION_COMMENTS = YES;
				CLANG_WARN_EMPTY_BODY = YES;
				CLANG_WARN_ENUM_CONVERSION = YES;
				CLANG_WARN_INFINITE_RECURSION = YES;
				CLANG_WARN_INT_CONVERSION = YES;
				CLANG_WARN_NON_LITERAL_NULL_CONVERSION = YES;
				CLANG_WARN_OBJC_IMPLICIT_RETAIN_SELF = YES;
				CLANG_WARN_OBJC_LITERAL_CONVERSION = YES;
				CLANG_WARN_OBJC_ROOT_CLASS = YES_ERROR;
				CLANG_WARN_RANGE_LOOP_ANALYSIS = YES;
				CLANG_WARN_STRICT_PROTOTYPES = YES;
				CLANG_WARN_SUSPICIOUS_MOVE = YES;
				CLANG_WARN_UNGUARDED_AVAILABILITY = YES_AGGRESSIVE;
				CLANG_WARN_UNREACHABLE_CODE = YES;
				CLANG_WARN__DUPLICATE_METHOD_MATCH = YES;
				COPY_PHASE_STRIP = NO;
				DEBUG_INFORMATION_FORMAT = "dwarf-with-dsym";
				ENABLE_NS_ASSERTIONS = NO;
				ENABLE_STRICT_OBJC_MSGSEND = YES;
				GCC_C_LANGUAGE_STANDARD = gnu11;
				GCC_NO_COMMON_BLOCKS = YES;
				GCC_WARN_64_TO_32_BIT_CONVERSION = YES;
				GCC_WARN_ABOUT_RETURN_TYPE = YES_ERROR;
				GCC_WARN_UNDECLARED_SELECTOR = YES;
				GCC_WARN_UNINITIALIZED_AUTOS = YES_AGGRESSIVE;
				GCC_WARN_UNUSED_FUNCTION = YES;
				GCC_WARN_UNUSED_VARIABLE = YES;
				IPHONEOS_DEPLOYMENT_TARGET = 13.0;
				MTL_ENABLE_DEBUG_INFO = NO;
				MTL_FAST_MATH = YES;
				SDKROOT = iphoneos;
				SWIFT_COMPILATION_MODE = wholemodule;
				SWIFT_OPTIMIZATION_LEVEL = "-O";
				VALIDATE_PRODUCT = YES;
			};
			name = Release;
		};
		C4F818F4244B289400AE73CE /* Debug */ = {
			isa = XCBuildConfiguration;
			buildSettings = {
				ASSETCATALOG_COMPILER_APPICON_NAME = AppIcon;
				CODE_SIGN_STYLE = Automatic;
				DEVELOPMENT_TEAM = GB6ZBLUXG3;
				INFOPLIST_FILE = Teztez/Resources/Plists/Info.plist;
				IPHONEOS_DEPLOYMENT_TARGET = 13.0;
				LD_RUNPATH_SEARCH_PATHS = (
					"$(inherited)",
					"@executable_path/Frameworks",
				);
				PRODUCT_BUNDLE_IDENTIFIER = croco.Teztez;
				PRODUCT_NAME = "$(TARGET_NAME)";
				SWIFT_VERSION = 5.0;
				TARGETED_DEVICE_FAMILY = 1;
			};
			name = Debug;
		};
		C4F818F5244B289400AE73CE /* Release */ = {
			isa = XCBuildConfiguration;
			buildSettings = {
				ASSETCATALOG_COMPILER_APPICON_NAME = AppIcon;
				CODE_SIGN_STYLE = Automatic;
				DEVELOPMENT_TEAM = GB6ZBLUXG3;
				INFOPLIST_FILE = Teztez/Resources/Plists/Info.plist;
				IPHONEOS_DEPLOYMENT_TARGET = 13.0;
				LD_RUNPATH_SEARCH_PATHS = (
					"$(inherited)",
					"@executable_path/Frameworks",
				);
				PRODUCT_BUNDLE_IDENTIFIER = croco.Teztez;
				PRODUCT_NAME = "$(TARGET_NAME)";
				SWIFT_VERSION = 5.0;
				TARGETED_DEVICE_FAMILY = 1;
			};
			name = Release;
		};
/* End XCBuildConfiguration section */

/* Begin XCConfigurationList section */
		C4F818DA244B289200AE73CE /* Build configuration list for PBXProject "Teztez" */ = {
			isa = XCConfigurationList;
			buildConfigurations = (
				C4F818F1244B289400AE73CE /* Debug */,
				C4F818F2244B289400AE73CE /* Release */,
			);
			defaultConfigurationIsVisible = 0;
			defaultConfigurationName = Release;
		};
		C4F818F3244B289400AE73CE /* Build configuration list for PBXNativeTarget "Teztez" */ = {
			isa = XCConfigurationList;
			buildConfigurations = (
				C4F818F4244B289400AE73CE /* Debug */,
				C4F818F5244B289400AE73CE /* Release */,
			);
			defaultConfigurationIsVisible = 0;
			defaultConfigurationName = Release;
		};
/* End XCConfigurationList section */

/* Begin XCRemoteSwiftPackageReference section */
		C4F81972244BA02C00AE73CE /* XCRemoteSwiftPackageReference "R.swift" */ = {
			isa = XCRemoteSwiftPackageReference;
			repositoryURL = "https://github.com/mac-cain13/R.swift.Library";
			requirement = {
				kind = exactVersion;
				version = 5.1.0;
			};
		};
		C4F81975244C4F3200AE73CE /* XCRemoteSwiftPackageReference "IQKeyboardManager" */ = {
			isa = XCRemoteSwiftPackageReference;
			repositoryURL = "https://github.com/hackiftekhar/IQKeyboardManager.git";
			requirement = {
				kind = exactVersion;
				version = 6.5.5;
			};
		};
		C4F81978244C4FCD00AE73CE /* XCRemoteSwiftPackageReference "ViewAnimator" */ = {
			isa = XCRemoteSwiftPackageReference;
			repositoryURL = "https://github.com/marcosgriselli/ViewAnimator";
			requirement = {
				kind = exactVersion;
				version = 2.7.0;
			};
		};
		C4F8197B244C508F00AE73CE /* XCRemoteSwiftPackageReference "Hero" */ = {
			isa = XCRemoteSwiftPackageReference;
			repositoryURL = "https://github.com/HeroTransitions/Hero.git";
			requirement = {
				kind = exactVersion;
				version = 1.5.0;
			};
		};
/* End XCRemoteSwiftPackageReference section */

/* Begin XCSwiftPackageProductDependency section */
		C4D64A242455DCFF00100993 /* Models */ = {
			isa = XCSwiftPackageProductDependency;
			productName = Models;
		};
		C4F81973244BA02C00AE73CE /* Rswift */ = {
			isa = XCSwiftPackageProductDependency;
			package = C4F81972244BA02C00AE73CE /* XCRemoteSwiftPackageReference "R.swift" */;
			productName = Rswift;
		};
		C4F81976244C4F3200AE73CE /* IQKeyboardManagerSwift */ = {
			isa = XCSwiftPackageProductDependency;
			package = C4F81975244C4F3200AE73CE /* XCRemoteSwiftPackageReference "IQKeyboardManager" */;
			productName = IQKeyboardManagerSwift;
		};
		C4F81979244C4FCD00AE73CE /* ViewAnimator */ = {
			isa = XCSwiftPackageProductDependency;
			package = C4F81978244C4FCD00AE73CE /* XCRemoteSwiftPackageReference "ViewAnimator" */;
			productName = ViewAnimator;
		};
		C4F8197C244C508F00AE73CE /* Hero */ = {
			isa = XCSwiftPackageProductDependency;
			package = C4F8197B244C508F00AE73CE /* XCRemoteSwiftPackageReference "Hero" */;
			productName = Hero;
		};
/* End XCSwiftPackageProductDependency section */
	};
	rootObject = C4F818D7244B289200AE73CE /* Project object */;
}
